
Microsoft Visual Studio Solution File, Format Version 12.00
# Visual Studio Version 17
VisualStudioVersion = 17.1.32328.378
MinimumVisualStudioVersion = 10.0.40219.1
Project("{FAE04EC0-301F-11D3-BF4B-00C04F79EFBC}") = "project", "project.csproj", "{D88CAD54-919A-4154-B855-A08771CEBD12}"
EndProject
Global
	GlobalSection(SolutionConfigurationPlatforms) = preSolution
		Debug|Any CPU = Debug|Any CPU
		Release|Any CPU = Release|Any CPU
	EndGlobalSection
	GlobalSection(ProjectConfigurationPlatforms) = postSolution
		{D88CAD54-919A-4154-B855-A08771CEBD12}.Debug|Any CPU.ActiveCfg = Debug|Any CPU
		{D88CAD54-919A-4154-B855-A08771CEBD12}.Debug|Any CPU.Build.0 = Debug|Any CPU
		{D88CAD54-919A-4154-B855-A08771CEBD12}.Release|Any CPU.ActiveCfg = Release|Any CPU
		{D88CAD54-919A-4154-B855-A08771CEBD12}.Release|Any CPU.Build.0 = Release|Any CPU
	EndGlobalSection
	GlobalSection(SolutionProperties) = preSolution
		HideSolutionNode = FALSE
	EndGlobalSection
	GlobalSection(ExtensibilityGlobals) = postSolution
		SolutionGuid = {AD5B5A10-E5E4-4A52-8A51-1DD825AD9871}
	EndGlobalSection
EndGlobal
